
Microsoft Visual Studio Solution File, Format Version 12.00
# Visual Studio Version 17
VisualStudioVersion = 17.14.36221.1 d17.14
MinimumVisualStudioVersion = 10.0.40219.1
Project("{FAE04EC0-301F-11D3-BF4B-00C04F79EFBC}") = "SportsTeamManagementSystem", "SportsTeamManagementSystem\SportsTeamManagementSystem.csproj", "{1C2B11E5-83E5-4D7C-B5AA-C00FC7A8F026}"
EndProject
Global
	GlobalSection(SolutionConfigurationPlatforms) = preSolution
		Debug|Any CPU = Debug|Any CPU
		Release|Any CPU = Release|Any CPU
	EndGlobalSection
	GlobalSection(ProjectConfigurationPlatforms) = postSolution
		{1C2B11E5-83E5-4D7C-B5AA-C00FC7A8F026}.Debug|Any CPU.ActiveCfg = Debug|Any CPU
		{1C2B11E5-83E5-4D7C-B5AA-C00FC7A8F026}.Debug|Any CPU.Build.0 = Debug|Any CPU
		{1C2B11E5-83E5-4D7C-B5AA-C00FC7A8F026}.Release|Any CPU.ActiveCfg = Release|Any CPU
		{1C2B11E5-83E5-4D7C-B5AA-C00FC7A8F026}.Release|Any CPU.Build.0 = Release|Any CPU
	EndGlobalSection
	GlobalSection(SolutionProperties) = preSolution
		HideSolutionNode = FALSE
	EndGlobalSection
	GlobalSection(ExtensibilityGlobals) = postSolution
		SolutionGuid = {F0A36901-D141-40F6-ACD9-2E2BF7EBE4B8}
	EndGlobalSection
EndGlobal
